
Microsoft Visual Studio Solution File, Format Version 12.00
# Visual Studio 15
VisualStudioVersion = 15.0.27130.2027
MinimumVisualStudioVersion = 10.0.40219.1
Project("{8BC9CEB8-8B4A-11D0-8D11-00A0C91BC942}") = "Elision and Optimization", "Elision and Optimization\Elision and Optimization.vcxproj", "{F50F0F37-7B0E-4330-8F13-D5131E313FD7}"
EndProject
Global
	GlobalSection(SolutionConfigurationPlatforms) = preSolution
		Debug|x64 = Debug|x64
		Debug|x86 = Debug|x86
		Release|x64 = Release|x64
		Release|x86 = Release|x86
	EndGlobalSection
	GlobalSection(ProjectConfigurationPlatforms) = postSolution
		{F50F0F37-7B0E-4330-8F13-D5131E313FD7}.Debug|x64.ActiveCfg = Debug|x64
		{F50F0F37-7B0E-4330-8F13-D5131E313FD7}.Debug|x64.Build.0 = Debug|x64
		{F50F0F37-7B0E-4330-8F13-D5131E313FD7}.Debug|x86.ActiveCfg = Debug|Win32
		{F50F0F37-7B0E-4330-8F13-D5131E313FD7}.Debug|x86.Build.0 = Debug|Win32
		{F50F0F37-7B0E-4330-8F13-D5131E313FD7}.Release|x64.ActiveCfg = Release|x64
		{F50F0F37-7B0E-4330-8F13-D5131E313FD7}.Release|x64.Build.0 = Release|x64
		{F50F0F37-7B0E-4330-8F13-D5131E313FD7}.Release|x86.ActiveCfg = Release|Win32
		{F50F0F37-7B0E-4330-8F13-D5131E313FD7}.Release|x86.Build.0 = Release|Win32
	EndGlobalSection
	GlobalSection(SolutionProperties) = preSolution
		HideSolutionNode = FALSE
	EndGlobalSection
	GlobalSection(ExtensibilityGlobals) = postSolution
		SolutionGuid = {EA2095F8-5DDF-48B5-88C6-ACA5B0712F81}
	EndGlobalSection
EndGlobal
