
Microsoft Visual Studio Solution File, Format Version 12.00
# Visual Studio 15
VisualStudioVersion = 15.0.27130.2027
MinimumVisualStudioVersion = 10.0.40219.1
Project("{8BC9CEB8-8B4A-11D0-8D11-00A0C91BC942}") = "Shared Pointers", "Shared Pointers\Shared Pointers.vcxproj", "{FEA059A0-7FD7-42AF-B2F6-26289B38E095}"
EndProject
Global
	GlobalSection(SolutionConfigurationPlatforms) = preSolution
		Debug|x64 = Debug|x64
		Debug|x86 = Debug|x86
		Release|x64 = Release|x64
		Release|x86 = Release|x86
	EndGlobalSection
	GlobalSection(ProjectConfigurationPlatforms) = postSolution
		{FEA059A0-7FD7-42AF-B2F6-26289B38E095}.Debug|x64.ActiveCfg = Debug|x64
		{FEA059A0-7FD7-42AF-B2F6-26289B38E095}.Debug|x64.Build.0 = Debug|x64
		{FEA059A0-7FD7-42AF-B2F6-26289B38E095}.Debug|x86.ActiveCfg = Debug|Win32
		{FEA059A0-7FD7-42AF-B2F6-26289B38E095}.Debug|x86.Build.0 = Debug|Win32
		{FEA059A0-7FD7-42AF-B2F6-26289B38E095}.Release|x64.ActiveCfg = Release|x64
		{FEA059A0-7FD7-42AF-B2F6-26289B38E095}.Release|x64.Build.0 = Release|x64
		{FEA059A0-7FD7-42AF-B2F6-26289B38E095}.Release|x86.ActiveCfg = Release|Win32
		{FEA059A0-7FD7-42AF-B2F6-26289B38E095}.Release|x86.Build.0 = Release|Win32
	EndGlobalSection
	GlobalSection(SolutionProperties) = preSolution
		HideSolutionNode = FALSE
	EndGlobalSection
	GlobalSection(ExtensibilityGlobals) = postSolution
		SolutionGuid = {5694D827-5C90-43D3-92A2-A8C6FD94ADFD}
	EndGlobalSection
EndGlobal
